
Microsoft Visual Studio Solution File, Format Version 12.00
# Visual Studio Version 16
VisualStudioVersion = 16.0.30225.117
MinimumVisualStudioVersion = 10.0.40219.1
Project("{FAE04EC0-301F-11D3-BF4B-00C04F79EFBC}") = "LGCovid", "LGCovid.csproj", "{4C2774C0-A6FF-46FD-A281-3023E42D653C}"
EndProject
Global
	GlobalSection(SolutionConfigurationPlatforms) = preSolution
		Debug|Any CPU = Debug|Any CPU
		Release|Any CPU = Release|Any CPU
	EndGlobalSection
	GlobalSection(ProjectConfigurationPlatforms) = postSolution
		{4C2774C0-A6FF-46FD-A281-3023E42D653C}.Debug|Any CPU.ActiveCfg = Debug|Any CPU
		{4C2774C0-A6FF-46FD-A281-3023E42D653C}.Debug|Any CPU.Build.0 = Debug|Any CPU
		{4C2774C0-A6FF-46FD-A281-3023E42D653C}.Release|Any CPU.ActiveCfg = Release|Any CPU
		{4C2774C0-A6FF-46FD-A281-3023E42D653C}.Release|Any CPU.Build.0 = Release|Any CPU
	EndGlobalSection
	GlobalSection(SolutionProperties) = preSolution
		HideSolutionNode = FALSE
	EndGlobalSection
	GlobalSection(ExtensibilityGlobals) = postSolution
		SolutionGuid = {C3B7CF55-5E4C-4522-A04E-5E0F19C6DF13}
	EndGlobalSection
EndGlobal
